PODS:
  - Alamofire (5.5.0)
  - IQKeyboardManagerSwift (6.5.9)
  - Kingfisher (6.3.1)

DEPENDENCIES:
  - Alamofire (~> 5.5.0)
  - IQKeyboardManagerSwift (~> 6.5.0)
  - Kingfisher (~> 6.3.1)

SPEC REPOS:
  trunk:
    - Alamofire
    - IQKeyboardManagerSwift
    - Kingfisher

SPEC CHECKSUMS:
  Alamofire: 1c4fb5369c3fe93d2857c780d8bbe09f06f97e7c
  IQKeyboardManagerSwift: 6e839c575c4aa1078d58a596e41244e77abe918f
  Kingfisher: 016c8b653a35add51dd34a3aba36b580041acc74

PODFILE CHECKSUM: 54d70ba02426e1e279790267409c7da2ff1a4e99

COCOAPODS: 1.11.2
